
Microsoft Visual Studio Solution File, Format Version 12.00
# Visual Studio Version 17
VisualStudioVersion = 17.13.35931.197 d17.13
MinimumVisualStudioVersion = 10.0.40219.1
Project("{FAE04EC0-301F-11D3-BF4B-00C04F79EFBC}") = "Project8", "Project8.csproj", "{2CF252EC-3109-4A91-A317-946B17FAAEBE}"
EndProject
Global
	GlobalSection(SolutionConfigurationPlatforms) = preSolution
		Debug|Any CPU = Debug|Any CPU
		Release|Any CPU = Release|Any CPU
	EndGlobalSection
	GlobalSection(ProjectConfigurationPlatforms) = postSolution
		{2CF252EC-3109-4A91-A317-946B17FAAEBE}.Debug|Any CPU.ActiveCfg = Debug|Any CPU
		{2CF252EC-3109-4A91-A317-946B17FAAEBE}.Debug|Any CPU.Build.0 = Debug|Any CPU
		{2CF252EC-3109-4A91-A317-946B17FAAEBE}.Release|Any CPU.ActiveCfg = Release|Any CPU
		{2CF252EC-3109-4A91-A317-946B17FAAEBE}.Release|Any CPU.Build.0 = Release|Any CPU
	EndGlobalSection
	GlobalSection(SolutionProperties) = preSolution
		HideSolutionNode = FALSE
	EndGlobalSection
	GlobalSection(ExtensibilityGlobals) = postSolution
		SolutionGuid = {293586CA-641E-4A89-A2D1-5C31DB1DAF98}
	EndGlobalSection
EndGlobal
